
Microsoft Visual Studio Solution File, Format Version 12.00
# Visual Studio Version 17
VisualStudioVersion = 17.0.32126.317
MinimumVisualStudioVersion = 10.0.40219.1
Project("{9A19103F-16F7-4668-BE54-9A1E7A4F7556}") = "Client", "Client\Client.csproj", "{A789CAE2-99A1-4D0D-B492-6FB0A727E94D}"
EndProject
Project("{FAE04EC0-301F-11D3-BF4B-00C04F79EFBC}") = "Api", "Api\Api.csproj", "{EBEC109A-4487-46E7-A12F-5BD737823226}"
EndProject
Project("{2150E333-8FDC-42A3-9474-1A3956D46DE8}") = "Solution Items", "Solution Items", "{6D71EE3B-DEA9-4E3F-BA0E-519D9462C9C7}"
	ProjectSection(SolutionItems) = preProject
		swa-cli.config.json = swa-cli.config.json
	EndProjectSection
EndProject
Global
	GlobalSection(SolutionConfigurationPlatforms) = preSolution
		Debug|Any CPU = Debug|Any CPU
		Release|Any CPU = Release|Any CPU
	EndGlobalSection
	GlobalSection(ProjectConfigurationPlatforms) = postSolution
		{A789CAE2-99A1-4D0D-B492-6FB0A727E94D}.Debug|Any CPU.ActiveCfg = Debug|Any CPU
		{A789CAE2-99A1-4D0D-B492-6FB0A727E94D}.Debug|Any CPU.Build.0 = Debug|Any CPU
		{A789CAE2-99A1-4D0D-B492-6FB0A727E94D}.Release|Any CPU.ActiveCfg = Release|Any CPU
		{A789CAE2-99A1-4D0D-B492-6FB0A727E94D}.Release|Any CPU.Build.0 = Release|Any CPU
		{EBEC109A-4487-46E7-A12F-5BD737823226}.Debug|Any CPU.ActiveCfg = Debug|Any CPU
		{EBEC109A-4487-46E7-A12F-5BD737823226}.Debug|Any CPU.Build.0 = Debug|Any CPU
		{EBEC109A-4487-46E7-A12F-5BD737823226}.Release|Any CPU.ActiveCfg = Release|Any CPU
		{EBEC109A-4487-46E7-A12F-5BD737823226}.Release|Any CPU.Build.0 = Release|Any CPU
	EndGlobalSection
	GlobalSection(SolutionProperties) = preSolution
		HideSolutionNode = FALSE
	EndGlobalSection
	GlobalSection(ExtensibilityGlobals) = postSolution
		SolutionGuid = {4F9D01E7-687B-44CB-8224-C8AA6C773351}
	EndGlobalSection
EndGlobal
